
Microsoft Visual Studio Solution File, Format Version 12.00
# Visual Studio 15
VisualStudioVersion = 15.0.26730.15
MinimumVisualStudioVersion = 10.0.40219.1
Project("{FAE04EC0-301F-11D3-BF4B-00C04F79EFBC}") = "Assignment5", "Assignment5\Assignment5.csproj", "{EF92C184-A45C-4FDE-B334-E7CB075D2B30}"
EndProject
Global
	GlobalSection(SolutionConfigurationPlatforms) = preSolution
		Debug|Any CPU = Debug|Any CPU
		Release|Any CPU = Release|Any CPU
	EndGlobalSection
	GlobalSection(ProjectConfigurationPlatforms) = postSolution
		{EF92C184-A45C-4FDE-B334-E7CB075D2B30}.Debug|Any CPU.ActiveCfg = Debug|Any CPU
		{EF92C184-A45C-4FDE-B334-E7CB075D2B30}.Debug|Any CPU.Build.0 = Debug|Any CPU
		{EF92C184-A45C-4FDE-B334-E7CB075D2B30}.Release|Any CPU.ActiveCfg = Release|Any CPU
		{EF92C184-A45C-4FDE-B334-E7CB075D2B30}.Release|Any CPU.Build.0 = Release|Any CPU
	EndGlobalSection
	GlobalSection(SolutionProperties) = preSolution
		HideSolutionNode = FALSE
	EndGlobalSection
	GlobalSection(ExtensibilityGlobals) = postSolution
		SolutionGuid = {3CD0B0EE-89D2-40ED-A702-6772D709EFA9}
	EndGlobalSection
EndGlobal
